
Microsoft Visual Studio Solution File, Format Version 12.00
# Visual Studio Version 17
VisualStudioVersion = 17.1.32210.238
MinimumVisualStudioVersion = 10.0.40219.1
Project("{FAE04EC0-301F-11D3-BF4B-00C04F79EFBC}") = "Test", "Test\Test.csproj", "{FB267E9A-DF9E-44E3-BA01-A089E64959D1}"
EndProject
Global
	GlobalSection(SolutionConfigurationPlatforms) = preSolution
		Debug|Any CPU = Debug|Any CPU
		Release|Any CPU = Release|Any CPU
	EndGlobalSection
	GlobalSection(ProjectConfigurationPlatforms) = postSolution
		{FB267E9A-DF9E-44E3-BA01-A089E64959D1}.Debug|Any CPU.ActiveCfg = Debug|Any CPU
		{FB267E9A-DF9E-44E3-BA01-A089E64959D1}.Debug|Any CPU.Build.0 = Debug|Any CPU
		{FB267E9A-DF9E-44E3-BA01-A089E64959D1}.Release|Any CPU.ActiveCfg = Release|Any CPU
		{FB267E9A-DF9E-44E3-BA01-A089E64959D1}.Release|Any CPU.Build.0 = Release|Any CPU
	EndGlobalSection
	GlobalSection(SolutionProperties) = preSolution
		HideSolutionNode = FALSE
	EndGlobalSection
	GlobalSection(ExtensibilityGlobals) = postSolution
		SolutionGuid = {2EFAFF4C-95D8-4603-9071-42CD09972A48}
	EndGlobalSection
EndGlobal
